
Microsoft Visual Studio Solution File, Format Version 11.00
# Visual Studio 2010
Project("{2150E333-8FDC-42A3-9474-1A3956D46DE8}") = "Infrastructure", "Infrastructure", "{AA47035F-D362-4C0E-AE06-CCABACECD101}"
EndProject
Project("{2150E333-8FDC-42A3-9474-1A3956D46DE8}") = "Testing", "Testing", "{08CA5966-F969-410D-B81A-19A52C0D602A}"
EndProject
Project("{FAE04EC0-301F-11D3-BF4B-00C04F79EFBC}") = "Jumbleblocks.Core", "Infrastructure\Core\Jumbleblocks.Core\Jumbleblocks.Core.csproj", "{94650920-9708-4EBD-BCE7-435D8F68F2EA}"
EndProject
Project("{FAE04EC0-301F-11D3-BF4B-00C04F79EFBC}") = "Jumbleblocks.Testing", "Testing\Core\Jumbleblocks.Testing.csproj", "{B82137E9-E65A-449A-8BB4-4F058631FB56}"
EndProject
Project("{FAE04EC0-301F-11D3-BF4B-00C04F79EFBC}") = "JumbleBlocks.Testing.Web", "Testing\Web\JumbleBlocks.Testing.Web.csproj", "{8774D759-CCBD-42CA-BE75-5BD33EEA12E2}"
EndProject
Project("{2150E333-8FDC-42A3-9474-1A3956D46DE8}") = "Data Access", "Data Access", "{1D81E502-97A3-4DC7-A53D-49D0F7AEFAF8}"
EndProject
Project("{2150E333-8FDC-42A3-9474-1A3956D46DE8}") = "Domain", "Domain", "{23D8696C-ADF0-483C-BD1D-D223587E66DF}"
EndProject
Project("{2150E333-8FDC-42A3-9474-1A3956D46DE8}") = "Tests", "Tests", "{3CFDFAC8-F7C2-40E1-B976-79E9E1D21552}"
EndProject
Project("{FAE04EC0-301F-11D3-BF4B-00C04F79EFBC}") = "Jumbleblocks.Domain", "Domain\Core\Jumbleblocks.Domain\Jumbleblocks.Domain.csproj", "{9830CBF6-84C4-441E-A303-B036ABF74131}"
EndProject
Project("{FAE04EC0-301F-11D3-BF4B-00C04F79EFBC}") = "Jumbleblocks.Domain.Security", "Domain\Security\Domain.Security\Jumbleblocks.Domain.Security.csproj", "{70236349-D05B-4C05-9911-4E97CAFA3F8F}"
EndProject
Project("{FAE04EC0-301F-11D3-BF4B-00C04F79EFBC}") = "Jumbleblocks.Web.Core", "Infrastructure\Web\JumbleBlocks.Web.Core\Jumbleblocks.Web.Core.csproj", "{4CC2C4ED-5F18-4F58-9953-92ECAC989422}"
EndProject
Project("{FAE04EC0-301F-11D3-BF4B-00C04F79EFBC}") = "Jumbleblocks.Web.Security", "Infrastructure\Web\Jumbleblocks.Web.Security\Jumbleblocks.Web.Security.csproj", "{3665D0CE-4706-41D8-AD06-73EF07E88AD0}"
EndProject
Project("{FAE04EC0-301F-11D3-BF4B-00C04F79EFBC}") = "Tests.Jumbleblocks.Domain.Security", "Domain\Security\Tests.Domain.Security\Tests.Jumbleblocks.Domain.Security.csproj", "{71966E5E-C384-4121-9B8B-3D481E602027}"
EndProject
Project("{FAE04EC0-301F-11D3-BF4B-00C04F79EFBC}") = "Jumbleblocks.Domain.Blog", "Domain\Blog\Domain.Blog\Jumbleblocks.Domain.Blog.csproj", "{F658ABC3-C5E9-43B2-980E-A6D99DAD7A62}"
EndProject
Project("{FAE04EC0-301F-11D3-BF4B-00C04F79EFBC}") = "Tests.Jumbleblocks.Domain.Blog", "Domain\Blog\Tests.Domain.Blog\Tests.Jumbleblocks.Domain.Blog.csproj", "{AE7624E5-A7AE-4B7D-847C-CAECCFCB9C7F}"
EndProject
Project("{2150E333-8FDC-42A3-9474-1A3956D46DE8}") = "Application", "Application", "{1D12091E-45A1-462F-B58C-F6575543FC8F}"
EndProject
Project("{2150E333-8FDC-42A3-9474-1A3956D46DE8}") = "Tests", "Tests", "{E2CC17D3-AF8B-47F7-9125-6072EECAE822}"
EndProject
Project("{FAE04EC0-301F-11D3-BF4B-00C04F79EFBC}") = "Jumbleblocks.Website", "Application\Website\Jumbleblocks.Website\Jumbleblocks.Website.csproj", "{EA1D0686-A7FF-4AFB-81FA-7999D09FEA03}"
EndProject
Project("{FAE04EC0-301F-11D3-BF4B-00C04F79EFBC}") = "Jumbleblocks.nHibernate", "DAL\Core\NHibernate\Jumbleblocks.nHibernate.csproj", "{D97BD4E3-9E88-40BE-B3C1-5A0547D24760}"
EndProject
Project("{FAE04EC0-301F-11D3-BF4B-00C04F79EFBC}") = "Jumbleblocks.DAL.Security", "DAL\Security\DAL.Security\Jumbleblocks.DAL.Security.csproj", "{00F15BBD-B0B4-4729-A04E-A2552DAB31C9}"
EndProject
Project("{FAE04EC0-301F-11D3-BF4B-00C04F79EFBC}") = "Jumbleblocks.DAL.Blog", "DAL\Blog\DAL.Blog\Jumbleblocks.DAL.Blog.csproj", "{86C898EA-9A2F-4947-9ED7-F40FE129A284}"
EndProject
Project("{2150E333-8FDC-42A3-9474-1A3956D46DE8}") = "Tests", "Tests", "{2A52B27F-FE4C-4B6E-9820-60780EEB26C6}"
EndProject
Project("{FAE04EC0-301F-11D3-BF4B-00C04F79EFBC}") = "Tests.Jumbleblocks.Web.Wane", "Infrastructure\Web\Wane\Tests.Jumbleblocks.Web.Wane\Tests.Jumbleblocks.Web.Wane.csproj", "{35C3A15A-A05D-4CDD-9503-62CF6E678DDA}"
EndProject
Project("{FAE04EC0-301F-11D3-BF4B-00C04F79EFBC}") = "Jumbleblocks.Web.Wane", "Infrastructure\Web\Wane\Jumbleblocks.Web.Wane\Jumbleblocks.Web.Wane.csproj", "{C002E370-67AA-48B7-B916-43CAE1BE47E4}"
EndProject
Project("{FAE04EC0-301F-11D3-BF4B-00C04F79EFBC}") = "Tests.Jumbleblocks.Website", "Application\Website\Tests.Jumbleblocks.Website\Tests.Jumbleblocks.Website.csproj", "{04E97AAA-D913-4704-9616-EACC578FDDE6}"
EndProject
Project("{2150E333-8FDC-42A3-9474-1A3956D46DE8}") = "Solution Items", "Solution Items", "{106A2760-84D7-408B-9304-0BDD779DC252}"
	ProjectSection(SolutionItems) = preProject
		TODO.txt = TODO.txt
	EndProjectSection
EndProject
Global
	GlobalSection(SolutionConfigurationPlatforms) = preSolution
		Debug|Any CPU = Debug|Any CPU
		Release|Any CPU = Release|Any CPU
	EndGlobalSection
	GlobalSection(ProjectConfigurationPlatforms) = postSolution
		{94650920-9708-4EBD-BCE7-435D8F68F2EA}.Debug|Any CPU.ActiveCfg = Debug|Any CPU
		{94650920-9708-4EBD-BCE7-435D8F68F2EA}.Debug|Any CPU.Build.0 = Debug|Any CPU
		{94650920-9708-4EBD-BCE7-435D8F68F2EA}.Release|Any CPU.ActiveCfg = Release|Any CPU
		{94650920-9708-4EBD-BCE7-435D8F68F2EA}.Release|Any CPU.Build.0 = Release|Any CPU
		{B82137E9-E65A-449A-8BB4-4F058631FB56}.Debug|Any CPU.ActiveCfg = Debug|Any CPU
		{B82137E9-E65A-449A-8BB4-4F058631FB56}.Debug|Any CPU.Build.0 = Debug|Any CPU
		{B82137E9-E65A-449A-8BB4-4F058631FB56}.Release|Any CPU.ActiveCfg = Release|Any CPU
		{B82137E9-E65A-449A-8BB4-4F058631FB56}.Release|Any CPU.Build.0 = Release|Any CPU
		{8774D759-CCBD-42CA-BE75-5BD33EEA12E2}.Debug|Any CPU.ActiveCfg = Debug|Any CPU
		{8774D759-CCBD-42CA-BE75-5BD33EEA12E2}.Debug|Any CPU.Build.0 = Debug|Any CPU
		{8774D759-CCBD-42CA-BE75-5BD33EEA12E2}.Release|Any CPU.ActiveCfg = Release|Any CPU
		{8774D759-CCBD-42CA-BE75-5BD33EEA12E2}.Release|Any CPU.Build.0 = Release|Any CPU
		{9830CBF6-84C4-441E-A303-B036ABF74131}.Debug|Any CPU.ActiveCfg = Debug|Any CPU
		{9830CBF6-84C4-441E-A303-B036ABF74131}.Debug|Any CPU.Build.0 = Debug|Any CPU
		{9830CBF6-84C4-441E-A303-B036ABF74131}.Release|Any CPU.ActiveCfg = Release|Any CPU
		{9830CBF6-84C4-441E-A303-B036ABF74131}.Release|Any CPU.Build.0 = Release|Any CPU
		{70236349-D05B-4C05-9911-4E97CAFA3F8F}.Debug|Any CPU.ActiveCfg = Debug|Any CPU
		{70236349-D05B-4C05-9911-4E97CAFA3F8F}.Debug|Any CPU.Build.0 = Debug|Any CPU
		{70236349-D05B-4C05-9911-4E97CAFA3F8F}.Release|Any CPU.ActiveCfg = Release|Any CPU
		{70236349-D05B-4C05-9911-4E97CAFA3F8F}.Release|Any CPU.Build.0 = Release|Any CPU
		{4CC2C4ED-5F18-4F58-9953-92ECAC989422}.Debug|Any CPU.ActiveCfg = Debug|Any CPU
		{4CC2C4ED-5F18-4F58-9953-92ECAC989422}.Debug|Any CPU.Build.0 = Debug|Any CPU
		{4CC2C4ED-5F18-4F58-9953-92ECAC989422}.Release|Any CPU.ActiveCfg = Release|Any CPU
		{4CC2C4ED-5F18-4F58-9953-92ECAC989422}.Release|Any CPU.Build.0 = Release|Any CPU
		{3665D0CE-4706-41D8-AD06-73EF07E88AD0}.Debug|Any CPU.ActiveCfg = Debug|Any CPU
		{3665D0CE-4706-41D8-AD06-73EF07E88AD0}.Debug|Any CPU.Build.0 = Debug|Any CPU
		{3665D0CE-4706-41D8-AD06-73EF07E88AD0}.Release|Any CPU.ActiveCfg = Release|Any CPU
		{3665D0CE-4706-41D8-AD06-73EF07E88AD0}.Release|Any CPU.Build.0 = Release|Any CPU
		{71966E5E-C384-4121-9B8B-3D481E602027}.Debug|Any CPU.ActiveCfg = Debug|Any CPU
		{71966E5E-C384-4121-9B8B-3D481E602027}.Debug|Any CPU.Build.0 = Debug|Any CPU
		{71966E5E-C384-4121-9B8B-3D481E602027}.Release|Any CPU.ActiveCfg = Release|Any CPU
		{71966E5E-C384-4121-9B8B-3D481E602027}.Release|Any CPU.Build.0 = Release|Any CPU
		{F658ABC3-C5E9-43B2-980E-A6D99DAD7A62}.Debug|Any CPU.ActiveCfg = Debug|Any CPU
		{F658ABC3-C5E9-43B2-980E-A6D99DAD7A62}.Debug|Any CPU.Build.0 = Debug|Any CPU
		{F658ABC3-C5E9-43B2-980E-A6D99DAD7A62}.Release|Any CPU.ActiveCfg = Release|Any CPU
		{F658ABC3-C5E9-43B2-980E-A6D99DAD7A62}.Release|Any CPU.Build.0 = Release|Any CPU
		{AE7624E5-A7AE-4B7D-847C-CAECCFCB9C7F}.Debug|Any CPU.ActiveCfg = Debug|Any CPU
		{AE7624E5-A7AE-4B7D-847C-CAECCFCB9C7F}.Debug|Any CPU.Build.0 = Debug|Any CPU
		{AE7624E5-A7AE-4B7D-847C-CAECCFCB9C7F}.Release|Any CPU.ActiveCfg = Release|Any CPU
		{AE7624E5-A7AE-4B7D-847C-CAECCFCB9C7F}.Release|Any CPU.Build.0 = Release|Any CPU
		{EA1D0686-A7FF-4AFB-81FA-7999D09FEA03}.Debug|Any CPU.ActiveCfg = Debug|Any CPU
		{EA1D0686-A7FF-4AFB-81FA-7999D09FEA03}.Debug|Any CPU.Build.0 = Debug|Any CPU
		{EA1D0686-A7FF-4AFB-81FA-7999D09FEA03}.Release|Any CPU.ActiveCfg = Release|Any CPU
		{EA1D0686-A7FF-4AFB-81FA-7999D09FEA03}.Release|Any CPU.Build.0 = Release|Any CPU
		{D97BD4E3-9E88-40BE-B3C1-5A0547D24760}.Debug|Any CPU.ActiveCfg = Debug|Any CPU
		{D97BD4E3-9E88-40BE-B3C1-5A0547D24760}.Debug|Any CPU.Build.0 = Debug|Any CPU
		{D97BD4E3-9E88-40BE-B3C1-5A0547D24760}.Release|Any CPU.ActiveCfg = Release|Any CPU
		{D97BD4E3-9E88-40BE-B3C1-5A0547D24760}.Release|Any CPU.Build.0 = Release|Any CPU
		{00F15BBD-B0B4-4729-A04E-A2552DAB31C9}.Debug|Any CPU.ActiveCfg = Debug|Any CPU
		{00F15BBD-B0B4-4729-A04E-A2552DAB31C9}.Debug|Any CPU.Build.0 = Debug|Any CPU
		{00F15BBD-B0B4-4729-A04E-A2552DAB31C9}.Release|Any CPU.ActiveCfg = Release|Any CPU
		{00F15BBD-B0B4-4729-A04E-A2552DAB31C9}.Release|Any CPU.Build.0 = Release|Any CPU
		{86C898EA-9A2F-4947-9ED7-F40FE129A284}.Debug|Any CPU.ActiveCfg = Debug|Any CPU
		{86C898EA-9A2F-4947-9ED7-F40FE129A284}.Debug|Any CPU.Build.0 = Debug|Any CPU
		{86C898EA-9A2F-4947-9ED7-F40FE129A284}.Release|Any CPU.ActiveCfg = Release|Any CPU
		{86C898EA-9A2F-4947-9ED7-F40FE129A284}.Release|Any CPU.Build.0 = Release|Any CPU
		{35C3A15A-A05D-4CDD-9503-62CF6E678DDA}.Debug|Any CPU.ActiveCfg = Debug|Any CPU
		{35C3A15A-A05D-4CDD-9503-62CF6E678DDA}.Debug|Any CPU.Build.0 = Debug|Any CPU
		{35C3A15A-A05D-4CDD-9503-62CF6E678DDA}.Release|Any CPU.ActiveCfg = Release|Any CPU
		{35C3A15A-A05D-4CDD-9503-62CF6E678DDA}.Release|Any CPU.Build.0 = Release|Any CPU
		{C002E370-67AA-48B7-B916-43CAE1BE47E4}.Debug|Any CPU.ActiveCfg = Debug|Any CPU
		{C002E370-67AA-48B7-B916-43CAE1BE47E4}.Debug|Any CPU.Build.0 = Debug|Any CPU
		{C002E370-67AA-48B7-B916-43CAE1BE47E4}.Release|Any CPU.ActiveCfg = Release|Any CPU
		{C002E370-67AA-48B7-B916-43CAE1BE47E4}.Release|Any CPU.Build.0 = Release|Any CPU
		{04E97AAA-D913-4704-9616-EACC578FDDE6}.Debug|Any CPU.ActiveCfg = Debug|Any CPU
		{04E97AAA-D913-4704-9616-EACC578FDDE6}.Debug|Any CPU.Build.0 = Debug|Any CPU
		{04E97AAA-D913-4704-9616-EACC578FDDE6}.Release|Any CPU.ActiveCfg = Release|Any CPU
		{04E97AAA-D913-4704-9616-EACC578FDDE6}.Release|Any CPU.Build.0 = Release|Any CPU
	EndGlobalSection
	GlobalSection(SolutionProperties) = preSolution
		HideSolutionNode = FALSE
	EndGlobalSection
	GlobalSection(NestedProjects) = preSolution
		{94650920-9708-4EBD-BCE7-435D8F68F2EA} = {AA47035F-D362-4C0E-AE06-CCABACECD101}
		{4CC2C4ED-5F18-4F58-9953-92ECAC989422} = {AA47035F-D362-4C0E-AE06-CCABACECD101}
		{3665D0CE-4706-41D8-AD06-73EF07E88AD0} = {AA47035F-D362-4C0E-AE06-CCABACECD101}
		{2A52B27F-FE4C-4B6E-9820-60780EEB26C6} = {AA47035F-D362-4C0E-AE06-CCABACECD101}
		{C002E370-67AA-48B7-B916-43CAE1BE47E4} = {AA47035F-D362-4C0E-AE06-CCABACECD101}
		{B82137E9-E65A-449A-8BB4-4F058631FB56} = {08CA5966-F969-410D-B81A-19A52C0D602A}
		{8774D759-CCBD-42CA-BE75-5BD33EEA12E2} = {08CA5966-F969-410D-B81A-19A52C0D602A}
		{D97BD4E3-9E88-40BE-B3C1-5A0547D24760} = {1D81E502-97A3-4DC7-A53D-49D0F7AEFAF8}
		{00F15BBD-B0B4-4729-A04E-A2552DAB31C9} = {1D81E502-97A3-4DC7-A53D-49D0F7AEFAF8}
		{86C898EA-9A2F-4947-9ED7-F40FE129A284} = {1D81E502-97A3-4DC7-A53D-49D0F7AEFAF8}
		{3CFDFAC8-F7C2-40E1-B976-79E9E1D21552} = {23D8696C-ADF0-483C-BD1D-D223587E66DF}
		{9830CBF6-84C4-441E-A303-B036ABF74131} = {23D8696C-ADF0-483C-BD1D-D223587E66DF}
		{70236349-D05B-4C05-9911-4E97CAFA3F8F} = {23D8696C-ADF0-483C-BD1D-D223587E66DF}
		{F658ABC3-C5E9-43B2-980E-A6D99DAD7A62} = {23D8696C-ADF0-483C-BD1D-D223587E66DF}
		{71966E5E-C384-4121-9B8B-3D481E602027} = {3CFDFAC8-F7C2-40E1-B976-79E9E1D21552}
		{AE7624E5-A7AE-4B7D-847C-CAECCFCB9C7F} = {3CFDFAC8-F7C2-40E1-B976-79E9E1D21552}
		{E2CC17D3-AF8B-47F7-9125-6072EECAE822} = {1D12091E-45A1-462F-B58C-F6575543FC8F}
		{EA1D0686-A7FF-4AFB-81FA-7999D09FEA03} = {1D12091E-45A1-462F-B58C-F6575543FC8F}
		{04E97AAA-D913-4704-9616-EACC578FDDE6} = {E2CC17D3-AF8B-47F7-9125-6072EECAE822}
		{35C3A15A-A05D-4CDD-9503-62CF6E678DDA} = {2A52B27F-FE4C-4B6E-9820-60780EEB26C6}
	EndGlobalSection
EndGlobal
